
Microsoft Visual Studio Solution File, Format Version 12.00
# Visual Studio Version 17
VisualStudioVersion = 17.12.35521.163
MinimumVisualStudioVersion = 10.0.40219.1
Project("{8BC9CEB8-8B4A-11D0-8D11-00A0C91BC942}") = "4-L", "4-L\4-L.vcxproj", "{6F705E9A-4DCF-4155-8FEE-6E424E8077C8}"
EndProject
Project("{8BC9CEB8-8B4A-11D0-8D11-00A0C91BC942}") = "4-1", "4-1\4-1.vcxproj", "{FF59B726-1BF6-4E25-A8B4-DD45092406B1}"
EndProject
Project("{8BC9CEB8-8B4A-11D0-8D11-00A0C91BC942}") = "4-2", "4-2\4-2.vcxproj", "{ABDDC283-6C4D-448B-85AB-3DF8A4AB986E}"
EndProject
Project("{8BC9CEB8-8B4A-11D0-8D11-00A0C91BC942}") = "4-3", "4-3\4-3.vcxproj", "{D575DC28-A46C-40B3-8169-B0EC89EE140E}"
EndProject
Project("{8BC9CEB8-8B4A-11D0-8D11-00A0C91BC942}") = "4-4", "4-4\4-4.vcxproj", "{DFB384E8-7595-40CA-AD71-737C323E7028}"
EndProject
Global
	GlobalSection(SolutionConfigurationPlatforms) = preSolution
		Debug|x64 = Debug|x64
		Debug|x86 = Debug|x86
		Release|x64 = Release|x64
		Release|x86 = Release|x86
	EndGlobalSection
	GlobalSection(ProjectConfigurationPlatforms) = postSolution
		{6F705E9A-4DCF-4155-8FEE-6E424E8077C8}.Debug|x64.ActiveCfg = Debug|x64
		{6F705E9A-4DCF-4155-8FEE-6E424E8077C8}.Debug|x64.Build.0 = Debug|x64
		{6F705E9A-4DCF-4155-8FEE-6E424E8077C8}.Debug|x86.ActiveCfg = Debug|Win32
		{6F705E9A-4DCF-4155-8FEE-6E424E8077C8}.Debug|x86.Build.0 = Debug|Win32
		{6F705E9A-4DCF-4155-8FEE-6E424E8077C8}.Release|x64.ActiveCfg = Release|x64
		{6F705E9A-4DCF-4155-8FEE-6E424E8077C8}.Release|x64.Build.0 = Release|x64
		{6F705E9A-4DCF-4155-8FEE-6E424E8077C8}.Release|x86.ActiveCfg = Release|Win32
		{6F705E9A-4DCF-4155-8FEE-6E424E8077C8}.Release|x86.Build.0 = Release|Win32
		{FF59B726-1BF6-4E25-A8B4-DD45092406B1}.Debug|x64.ActiveCfg = Debug|x64
		{FF59B726-1BF6-4E25-A8B4-DD45092406B1}.Debug|x64.Build.0 = Debug|x64
		{FF59B726-1BF6-4E25-A8B4-DD45092406B1}.Debug|x86.ActiveCfg = Debug|Win32
		{FF59B726-1BF6-4E25-A8B4-DD45092406B1}.Debug|x86.Build.0 = Debug|Win32
		{FF59B726-1BF6-4E25-A8B4-DD45092406B1}.Release|x64.ActiveCfg = Release|x64
		{FF59B726-1BF6-4E25-A8B4-DD45092406B1}.Release|x64.Build.0 = Release|x64
		{FF59B726-1BF6-4E25-A8B4-DD45092406B1}.Release|x86.ActiveCfg = Release|Win32
		{FF59B726-1BF6-4E25-A8B4-DD45092406B1}.Release|x86.Build.0 = Release|Win32
		{ABDDC283-6C4D-448B-85AB-3DF8A4AB986E}.Debug|x64.ActiveCfg = Debug|x64
		{ABDDC283-6C4D-448B-85AB-3DF8A4AB986E}.Debug|x64.Build.0 = Debug|x64
		{ABDDC283-6C4D-448B-85AB-3DF8A4AB986E}.Debug|x86.ActiveCfg = Debug|Win32
		{ABDDC283-6C4D-448B-85AB-3DF8A4AB986E}.Debug|x86.Build.0 = Debug|Win32
		{ABDDC283-6C4D-448B-85AB-3DF8A4AB986E}.Release|x64.ActiveCfg = Release|x64
		{ABDDC283-6C4D-448B-85AB-3DF8A4AB986E}.Release|x64.Build.0 = Release|x64
		{ABDDC283-6C4D-448B-85AB-3DF8A4AB986E}.Release|x86.ActiveCfg = Release|Win32
		{ABDDC283-6C4D-448B-85AB-3DF8A4AB986E}.Release|x86.Build.0 = Release|Win32
		{D575DC28-A46C-40B3-8169-B0EC89EE140E}.Debug|x64.ActiveCfg = Debug|x64
		{D575DC28-A46C-40B3-8169-B0EC89EE140E}.Debug|x64.Build.0 = Debug|x64
		{D575DC28-A46C-40B3-8169-B0EC89EE140E}.Debug|x86.ActiveCfg = Debug|Win32
		{D575DC28-A46C-40B3-8169-B0EC89EE140E}.Debug|x86.Build.0 = Debug|Win32
		{D575DC28-A46C-40B3-8169-B0EC89EE140E}.Release|x64.ActiveCfg = Release|x64
		{D575DC28-A46C-40B3-8169-B0EC89EE140E}.Release|x64.Build.0 = Release|x64
		{D575DC28-A46C-40B3-8169-B0EC89EE140E}.Release|x86.ActiveCfg = Release|Win32
		{D575DC28-A46C-40B3-8169-B0EC89EE140E}.Release|x86.Build.0 = Release|Win32
		{DFB384E8-7595-40CA-AD71-737C323E7028}.Debug|x64.ActiveCfg = Debug|x64
		{DFB384E8-7595-40CA-AD71-737C323E7028}.Debug|x64.Build.0 = Debug|x64
		{DFB384E8-7595-40CA-AD71-737C323E7028}.Debug|x86.ActiveCfg = Debug|Win32
		{DFB384E8-7595-40CA-AD71-737C323E7028}.Debug|x86.Build.0 = Debug|Win32
		{DFB384E8-7595-40CA-AD71-737C323E7028}.Release|x64.ActiveCfg = Release|x64
		{DFB384E8-7595-40CA-AD71-737C323E7028}.Release|x64.Build.0 = Release|x64
		{DFB384E8-7595-40CA-AD71-737C323E7028}.Release|x86.ActiveCfg = Release|Win32
		{DFB384E8-7595-40CA-AD71-737C323E7028}.Release|x86.Build.0 = Release|Win32
	EndGlobalSection
	GlobalSection(SolutionProperties) = preSolution
		HideSolutionNode = FALSE
	EndGlobalSection
	GlobalSection(ExtensibilityGlobals) = postSolution
		SolutionGuid = {7680CB23-3C17-4F76-8EF9-83570806BE4A}
	EndGlobalSection
EndGlobal
