
Microsoft Visual Studio Solution File, Format Version 12.00
# Visual Studio Version 17
VisualStudioVersion = 17.12.35521.163
MinimumVisualStudioVersion = 10.0.40219.1
Project("{8BC9CEB8-8B4A-11D0-8D11-00A0C91BC942}") = "9-L", "9-L\9-L.vcxproj", "{0F1D1B16-7782-4453-9DA2-918F27271ACA}"
EndProject
Project("{8BC9CEB8-8B4A-11D0-8D11-00A0C91BC942}") = "9-1", "9-1\9-1.vcxproj", "{5450E9EE-CBF2-4DD9-9A05-6E1E4E6C0E0D}"
EndProject
Project("{8BC9CEB8-8B4A-11D0-8D11-00A0C91BC942}") = "9-2", "9-2\9-2.vcxproj", "{215B013D-9DCA-4B6B-8338-36692B5D94A4}"
EndProject
Project("{8BC9CEB8-8B4A-11D0-8D11-00A0C91BC942}") = "9-3", "9-3\9-3.vcxproj", "{85B1ED98-AC8D-4B30-90B5-4A1E7C0DB56E}"
EndProject
Project("{8BC9CEB8-8B4A-11D0-8D11-00A0C91BC942}") = "9-4", "9-4\9-4.vcxproj", "{86A111BD-5D56-4517-977E-D801BA0B5B0A}"
EndProject
Global
	GlobalSection(SolutionConfigurationPlatforms) = preSolution
		Debug|x64 = Debug|x64
		Debug|x86 = Debug|x86
		Release|x64 = Release|x64
		Release|x86 = Release|x86
	EndGlobalSection
	GlobalSection(ProjectConfigurationPlatforms) = postSolution
		{0F1D1B16-7782-4453-9DA2-918F27271ACA}.Debug|x64.ActiveCfg = Debug|x64
		{0F1D1B16-7782-4453-9DA2-918F27271ACA}.Debug|x64.Build.0 = Debug|x64
		{0F1D1B16-7782-4453-9DA2-918F27271ACA}.Debug|x86.ActiveCfg = Debug|Win32
		{0F1D1B16-7782-4453-9DA2-918F27271ACA}.Debug|x86.Build.0 = Debug|Win32
		{0F1D1B16-7782-4453-9DA2-918F27271ACA}.Release|x64.ActiveCfg = Release|x64
		{0F1D1B16-7782-4453-9DA2-918F27271ACA}.Release|x64.Build.0 = Release|x64
		{0F1D1B16-7782-4453-9DA2-918F27271ACA}.Release|x86.ActiveCfg = Release|Win32
		{0F1D1B16-7782-4453-9DA2-918F27271ACA}.Release|x86.Build.0 = Release|Win32
		{5450E9EE-CBF2-4DD9-9A05-6E1E4E6C0E0D}.Debug|x64.ActiveCfg = Debug|x64
		{5450E9EE-CBF2-4DD9-9A05-6E1E4E6C0E0D}.Debug|x64.Build.0 = Debug|x64
		{5450E9EE-CBF2-4DD9-9A05-6E1E4E6C0E0D}.Debug|x86.ActiveCfg = Debug|Win32
		{5450E9EE-CBF2-4DD9-9A05-6E1E4E6C0E0D}.Debug|x86.Build.0 = Debug|Win32
		{5450E9EE-CBF2-4DD9-9A05-6E1E4E6C0E0D}.Release|x64.ActiveCfg = Release|x64
		{5450E9EE-CBF2-4DD9-9A05-6E1E4E6C0E0D}.Release|x64.Build.0 = Release|x64
		{5450E9EE-CBF2-4DD9-9A05-6E1E4E6C0E0D}.Release|x86.ActiveCfg = Release|Win32
		{5450E9EE-CBF2-4DD9-9A05-6E1E4E6C0E0D}.Release|x86.Build.0 = Release|Win32
		{215B013D-9DCA-4B6B-8338-36692B5D94A4}.Debug|x64.ActiveCfg = Debug|x64
		{215B013D-9DCA-4B6B-8338-36692B5D94A4}.Debug|x64.Build.0 = Debug|x64
		{215B013D-9DCA-4B6B-8338-36692B5D94A4}.Debug|x86.ActiveCfg = Debug|Win32
		{215B013D-9DCA-4B6B-8338-36692B5D94A4}.Debug|x86.Build.0 = Debug|Win32
		{215B013D-9DCA-4B6B-8338-36692B5D94A4}.Release|x64.ActiveCfg = Release|x64
		{215B013D-9DCA-4B6B-8338-36692B5D94A4}.Release|x64.Build.0 = Release|x64
		{215B013D-9DCA-4B6B-8338-36692B5D94A4}.Release|x86.ActiveCfg = Release|Win32
		{215B013D-9DCA-4B6B-8338-36692B5D94A4}.Release|x86.Build.0 = Release|Win32
		{85B1ED98-AC8D-4B30-90B5-4A1E7C0DB56E}.Debug|x64.ActiveCfg = Debug|x64
		{85B1ED98-AC8D-4B30-90B5-4A1E7C0DB56E}.Debug|x64.Build.0 = Debug|x64
		{85B1ED98-AC8D-4B30-90B5-4A1E7C0DB56E}.Debug|x86.ActiveCfg = Debug|Win32
		{85B1ED98-AC8D-4B30-90B5-4A1E7C0DB56E}.Debug|x86.Build.0 = Debug|Win32
		{85B1ED98-AC8D-4B30-90B5-4A1E7C0DB56E}.Release|x64.ActiveCfg = Release|x64
		{85B1ED98-AC8D-4B30-90B5-4A1E7C0DB56E}.Release|x64.Build.0 = Release|x64
		{85B1ED98-AC8D-4B30-90B5-4A1E7C0DB56E}.Release|x86.ActiveCfg = Release|Win32
		{85B1ED98-AC8D-4B30-90B5-4A1E7C0DB56E}.Release|x86.Build.0 = Release|Win32
		{86A111BD-5D56-4517-977E-D801BA0B5B0A}.Debug|x64.ActiveCfg = Debug|x64
		{86A111BD-5D56-4517-977E-D801BA0B5B0A}.Debug|x64.Build.0 = Debug|x64
		{86A111BD-5D56-4517-977E-D801BA0B5B0A}.Debug|x86.ActiveCfg = Debug|Win32
		{86A111BD-5D56-4517-977E-D801BA0B5B0A}.Debug|x86.Build.0 = Debug|Win32
		{86A111BD-5D56-4517-977E-D801BA0B5B0A}.Release|x64.ActiveCfg = Release|x64
		{86A111BD-5D56-4517-977E-D801BA0B5B0A}.Release|x64.Build.0 = Release|x64
		{86A111BD-5D56-4517-977E-D801BA0B5B0A}.Release|x86.ActiveCfg = Release|Win32
		{86A111BD-5D56-4517-977E-D801BA0B5B0A}.Release|x86.Build.0 = Release|Win32
	EndGlobalSection
	GlobalSection(SolutionProperties) = preSolution
		HideSolutionNode = FALSE
	EndGlobalSection
EndGlobal
