
Microsoft Visual Studio Solution File, Format Version 12.00
# Visual Studio Version 17
VisualStudioVersion = 17.12.35521.163
MinimumVisualStudioVersion = 10.0.40219.1
Project("{8BC9CEB8-8B4A-11D0-8D11-00A0C91BC942}") = "2-1", "2-1\2-1.vcxproj", "{BC2C2626-6807-403B-8643-104E109FB9F9}"
EndProject
Project("{8BC9CEB8-8B4A-11D0-8D11-00A0C91BC942}") = "2-2", "2-2\2-2.vcxproj", "{2583E55B-AC4D-4F94-9064-8FB779EB0538}"
EndProject
Project("{8BC9CEB8-8B4A-11D0-8D11-00A0C91BC942}") = "2-3", "2-3\2-3.vcxproj", "{25B5DCA9-5497-4CDA-B4E1-6AD59761BC84}"
EndProject
Project("{8BC9CEB8-8B4A-11D0-8D11-00A0C91BC942}") = "2-4", "2-4\2-4.vcxproj", "{ABEDE517-B086-4AC2-9993-C5224927C066}"
EndProject
Project("{8BC9CEB8-8B4A-11D0-8D11-00A0C91BC942}") = "2-5", "2-5\2-5.vcxproj", "{46A496A6-FE2A-4EA4-934D-A26ACB96A129}"
EndProject
Global
	GlobalSection(SolutionConfigurationPlatforms) = preSolution
		Debug|x64 = Debug|x64
		Debug|x86 = Debug|x86
		Release|x64 = Release|x64
		Release|x86 = Release|x86
	EndGlobalSection
	GlobalSection(ProjectConfigurationPlatforms) = postSolution
		{BC2C2626-6807-403B-8643-104E109FB9F9}.Debug|x64.ActiveCfg = Debug|x64
		{BC2C2626-6807-403B-8643-104E109FB9F9}.Debug|x64.Build.0 = Debug|x64
		{BC2C2626-6807-403B-8643-104E109FB9F9}.Debug|x86.ActiveCfg = Debug|Win32
		{BC2C2626-6807-403B-8643-104E109FB9F9}.Debug|x86.Build.0 = Debug|Win32
		{BC2C2626-6807-403B-8643-104E109FB9F9}.Release|x64.ActiveCfg = Release|x64
		{BC2C2626-6807-403B-8643-104E109FB9F9}.Release|x64.Build.0 = Release|x64
		{BC2C2626-6807-403B-8643-104E109FB9F9}.Release|x86.ActiveCfg = Release|Win32
		{BC2C2626-6807-403B-8643-104E109FB9F9}.Release|x86.Build.0 = Release|Win32
		{2583E55B-AC4D-4F94-9064-8FB779EB0538}.Debug|x64.ActiveCfg = Debug|x64
		{2583E55B-AC4D-4F94-9064-8FB779EB0538}.Debug|x64.Build.0 = Debug|x64
		{2583E55B-AC4D-4F94-9064-8FB779EB0538}.Debug|x86.ActiveCfg = Debug|Win32
		{2583E55B-AC4D-4F94-9064-8FB779EB0538}.Debug|x86.Build.0 = Debug|Win32
		{2583E55B-AC4D-4F94-9064-8FB779EB0538}.Release|x64.ActiveCfg = Release|x64
		{2583E55B-AC4D-4F94-9064-8FB779EB0538}.Release|x64.Build.0 = Release|x64
		{2583E55B-AC4D-4F94-9064-8FB779EB0538}.Release|x86.ActiveCfg = Release|Win32
		{2583E55B-AC4D-4F94-9064-8FB779EB0538}.Release|x86.Build.0 = Release|Win32
		{25B5DCA9-5497-4CDA-B4E1-6AD59761BC84}.Debug|x64.ActiveCfg = Debug|x64
		{25B5DCA9-5497-4CDA-B4E1-6AD59761BC84}.Debug|x64.Build.0 = Debug|x64
		{25B5DCA9-5497-4CDA-B4E1-6AD59761BC84}.Debug|x86.ActiveCfg = Debug|Win32
		{25B5DCA9-5497-4CDA-B4E1-6AD59761BC84}.Debug|x86.Build.0 = Debug|Win32
		{25B5DCA9-5497-4CDA-B4E1-6AD59761BC84}.Release|x64.ActiveCfg = Release|x64
		{25B5DCA9-5497-4CDA-B4E1-6AD59761BC84}.Release|x64.Build.0 = Release|x64
		{25B5DCA9-5497-4CDA-B4E1-6AD59761BC84}.Release|x86.ActiveCfg = Release|Win32
		{25B5DCA9-5497-4CDA-B4E1-6AD59761BC84}.Release|x86.Build.0 = Release|Win32
		{ABEDE517-B086-4AC2-9993-C5224927C066}.Debug|x64.ActiveCfg = Debug|x64
		{ABEDE517-B086-4AC2-9993-C5224927C066}.Debug|x64.Build.0 = Debug|x64
		{ABEDE517-B086-4AC2-9993-C5224927C066}.Debug|x86.ActiveCfg = Debug|Win32
		{ABEDE517-B086-4AC2-9993-C5224927C066}.Debug|x86.Build.0 = Debug|Win32
		{ABEDE517-B086-4AC2-9993-C5224927C066}.Release|x64.ActiveCfg = Release|x64
		{ABEDE517-B086-4AC2-9993-C5224927C066}.Release|x64.Build.0 = Release|x64
		{ABEDE517-B086-4AC2-9993-C5224927C066}.Release|x86.ActiveCfg = Release|Win32
		{ABEDE517-B086-4AC2-9993-C5224927C066}.Release|x86.Build.0 = Release|Win32
		{46A496A6-FE2A-4EA4-934D-A26ACB96A129}.Debug|x64.ActiveCfg = Debug|x64
		{46A496A6-FE2A-4EA4-934D-A26ACB96A129}.Debug|x64.Build.0 = Debug|x64
		{46A496A6-FE2A-4EA4-934D-A26ACB96A129}.Debug|x86.ActiveCfg = Debug|Win32
		{46A496A6-FE2A-4EA4-934D-A26ACB96A129}.Debug|x86.Build.0 = Debug|Win32
		{46A496A6-FE2A-4EA4-934D-A26ACB96A129}.Release|x64.ActiveCfg = Release|x64
		{46A496A6-FE2A-4EA4-934D-A26ACB96A129}.Release|x64.Build.0 = Release|x64
		{46A496A6-FE2A-4EA4-934D-A26ACB96A129}.Release|x86.ActiveCfg = Release|Win32
		{46A496A6-FE2A-4EA4-934D-A26ACB96A129}.Release|x86.Build.0 = Release|Win32
	EndGlobalSection
	GlobalSection(SolutionProperties) = preSolution
		HideSolutionNode = FALSE
	EndGlobalSection
EndGlobal
